
Microsoft Visual Studio Solution File, Format Version 12.00
# Visual Studio Version 17
VisualStudioVersion = 17.11.35208.52
MinimumVisualStudioVersion = 10.0.40219.1
Project("{8BC9CEB8-8B4A-11D0-8D11-00A0C91BC942}") = "CardGame", "CardGame.vcxproj", "{ACA59F31-65FB-4651-8599-4475FEA903AA}"
EndProject
Global
	GlobalSection(SolutionConfigurationPlatforms) = preSolution
		Debug|x64 = Debug|x64
		Debug|x86 = Debug|x86
		Release|x64 = Release|x64
		Release|x86 = Release|x86
	EndGlobalSection
	GlobalSection(ProjectConfigurationPlatforms) = postSolution
		{ACA59F31-65FB-4651-8599-4475FEA903AA}.Debug|x64.ActiveCfg = Debug|x64
		{ACA59F31-65FB-4651-8599-4475FEA903AA}.Debug|x64.Build.0 = Debug|x64
		{ACA59F31-65FB-4651-8599-4475FEA903AA}.Debug|x86.ActiveCfg = Debug|Win32
		{ACA59F31-65FB-4651-8599-4475FEA903AA}.Debug|x86.Build.0 = Debug|Win32
		{ACA59F31-65FB-4651-8599-4475FEA903AA}.Release|x64.ActiveCfg = Release|x64
		{ACA59F31-65FB-4651-8599-4475FEA903AA}.Release|x64.Build.0 = Release|x64
		{ACA59F31-65FB-4651-8599-4475FEA903AA}.Release|x86.ActiveCfg = Release|Win32
		{ACA59F31-65FB-4651-8599-4475FEA903AA}.Release|x86.Build.0 = Release|Win32
	EndGlobalSection
	GlobalSection(SolutionProperties) = preSolution
		HideSolutionNode = FALSE
	EndGlobalSection
	GlobalSection(ExtensibilityGlobals) = postSolution
		SolutionGuid = {7806F8E9-FE24-4FCE-81FD-89E644EDFC4B}
	EndGlobalSection
EndGlobal
